
Microsoft Visual Studio Solution File, Format Version 12.00
# Visual Studio Version 16
VisualStudioVersion = 16.6.30114.105
MinimumVisualStudioVersion = 10.0.40219.1
Project("{FAE04EC0-301F-11D3-BF4B-00C04F79EFBC}") = "Pepper.Test", "Pepper.Test\Pepper.Test.csproj", "{DB6C9B49-564A-4C84-AB6C-A2EB63D1B312}"
EndProject
Project("{FAE04EC0-301F-11D3-BF4B-00C04F79EFBC}") = "Pepper.Commons.Osu", "Pepper.Commons.Osu\Pepper.Commons.Osu.csproj", "{179D5778-C69A-4DDA-A420-67AB11B42F84}"
EndProject
Project("{FAE04EC0-301F-11D3-BF4B-00C04F79EFBC}") = "Pepper.Logging.Serilog.Sinks.Discord", "Pepper.Logging.Serilog.Sinks.Discord\Pepper.Logging.Serilog.Sinks.Discord.csproj", "{A510DB74-056B-4C85-BBE5-5A57F4AC4FF7}"
EndProject
Project("{FAE04EC0-301F-11D3-BF4B-00C04F79EFBC}") = "Pepper.Commons", "Pepper.Commons\Pepper.Commons.csproj", "{C73945CE-2DD7-4010-B96B-00CBC2C086D9}"
EndProject
Project("{FAE04EC0-301F-11D3-BF4B-00C04F79EFBC}") = "Pepper.Commons.Osu.Test", "Pepper.Commons.Osu.Test\Pepper.Commons.Osu.Test.csproj", "{64845891-9A86-4C19-A8BA-947F007D7A0C}"
EndProject
Project("{FAE04EC0-301F-11D3-BF4B-00C04F79EFBC}") = "Pepper.Commons.Maimai", "Pepper.Commons.Maimai\Pepper.Commons.Maimai.csproj", "{2A724936-C2F0-4E63-A34B-7615E72CC5D8}"
EndProject
Project("{FAE04EC0-301F-11D3-BF4B-00C04F79EFBC}") = "Pepper.Frontends.Osu", "Pepper.Frontends.Osu\Pepper.Frontends.Osu.csproj", "{59A837A0-34E4-446F-9C7E-592A77091D82}"
EndProject
Project("{FAE04EC0-301F-11D3-BF4B-00C04F79EFBC}") = "Pepper.Frontends.Maimai", "Pepper.Frontends.Maimai\Pepper.Frontends.Maimai.csproj", "{82613E91-323D-4C2C-81C3-A7961BCD1D2E}"
EndProject
Project("{FAE04EC0-301F-11D3-BF4B-00C04F79EFBC}") = "Pepper.Frontends.Maimai.Test", "Pepper.Frontends.Maimai.Test\Pepper.Frontends.Maimai.Test.csproj", "{676A887D-C93F-4D66-BCB0-78C7A0BD789A}"
EndProject
Global
	GlobalSection(SolutionConfigurationPlatforms) = preSolution
		Debug|Any CPU = Debug|Any CPU
		Debug|x64 = Debug|x64
		Debug|x86 = Debug|x86
		Release|Any CPU = Release|Any CPU
		Release|x64 = Release|x64
		Release|x86 = Release|x86
	EndGlobalSection
	GlobalSection(SolutionProperties) = preSolution
		HideSolutionNode = FALSE
	EndGlobalSection
	GlobalSection(ProjectConfigurationPlatforms) = postSolution
		{DB6C9B49-564A-4C84-AB6C-A2EB63D1B312}.Debug|Any CPU.ActiveCfg = Debug|Any CPU
		{DB6C9B49-564A-4C84-AB6C-A2EB63D1B312}.Debug|Any CPU.Build.0 = Debug|Any CPU
		{DB6C9B49-564A-4C84-AB6C-A2EB63D1B312}.Debug|x64.ActiveCfg = Debug|Any CPU
		{DB6C9B49-564A-4C84-AB6C-A2EB63D1B312}.Debug|x64.Build.0 = Debug|Any CPU
		{DB6C9B49-564A-4C84-AB6C-A2EB63D1B312}.Debug|x86.ActiveCfg = Debug|Any CPU
		{DB6C9B49-564A-4C84-AB6C-A2EB63D1B312}.Debug|x86.Build.0 = Debug|Any CPU
		{DB6C9B49-564A-4C84-AB6C-A2EB63D1B312}.Release|Any CPU.ActiveCfg = Release|Any CPU
		{DB6C9B49-564A-4C84-AB6C-A2EB63D1B312}.Release|Any CPU.Build.0 = Release|Any CPU
		{DB6C9B49-564A-4C84-AB6C-A2EB63D1B312}.Release|x64.ActiveCfg = Release|Any CPU
		{DB6C9B49-564A-4C84-AB6C-A2EB63D1B312}.Release|x64.Build.0 = Release|Any CPU
		{DB6C9B49-564A-4C84-AB6C-A2EB63D1B312}.Release|x86.ActiveCfg = Release|Any CPU
		{DB6C9B49-564A-4C84-AB6C-A2EB63D1B312}.Release|x86.Build.0 = Release|Any CPU
		{179D5778-C69A-4DDA-A420-67AB11B42F84}.Debug|Any CPU.ActiveCfg = Debug|Any CPU
		{179D5778-C69A-4DDA-A420-67AB11B42F84}.Debug|Any CPU.Build.0 = Debug|Any CPU
		{179D5778-C69A-4DDA-A420-67AB11B42F84}.Debug|x64.ActiveCfg = Debug|Any CPU
		{179D5778-C69A-4DDA-A420-67AB11B42F84}.Debug|x64.Build.0 = Debug|Any CPU
		{179D5778-C69A-4DDA-A420-67AB11B42F84}.Debug|x86.ActiveCfg = Debug|Any CPU
		{179D5778-C69A-4DDA-A420-67AB11B42F84}.Debug|x86.Build.0 = Debug|Any CPU
		{179D5778-C69A-4DDA-A420-67AB11B42F84}.Release|Any CPU.ActiveCfg = Release|Any CPU
		{179D5778-C69A-4DDA-A420-67AB11B42F84}.Release|Any CPU.Build.0 = Release|Any CPU
		{179D5778-C69A-4DDA-A420-67AB11B42F84}.Release|x64.ActiveCfg = Release|Any CPU
		{179D5778-C69A-4DDA-A420-67AB11B42F84}.Release|x64.Build.0 = Release|Any CPU
		{179D5778-C69A-4DDA-A420-67AB11B42F84}.Release|x86.ActiveCfg = Release|Any CPU
		{179D5778-C69A-4DDA-A420-67AB11B42F84}.Release|x86.Build.0 = Release|Any CPU
		{A510DB74-056B-4C85-BBE5-5A57F4AC4FF7}.Debug|Any CPU.ActiveCfg = Debug|Any CPU
        {A510DB74-056B-4C85-BBE5-5A57F4AC4FF7}.Debug|Any CPU.Build.0 = Debug|Any CPU
        {A510DB74-056B-4C85-BBE5-5A57F4AC4FF7}.Debug|x64.ActiveCfg = Debug|Any CPU
        {A510DB74-056B-4C85-BBE5-5A57F4AC4FF7}.Debug|x64.Build.0 = Debug|Any CPU
        {A510DB74-056B-4C85-BBE5-5A57F4AC4FF7}.Debug|x86.ActiveCfg = Debug|Any CPU
        {A510DB74-056B-4C85-BBE5-5A57F4AC4FF7}.Debug|x86.Build.0 = Debug|Any CPU
        {A510DB74-056B-4C85-BBE5-5A57F4AC4FF7}.Release|Any CPU.ActiveCfg = Release|Any CPU
        {A510DB74-056B-4C85-BBE5-5A57F4AC4FF7}.Release|Any CPU.Build.0 = Release|Any CPU
        {A510DB74-056B-4C85-BBE5-5A57F4AC4FF7}.Release|x64.ActiveCfg = Release|Any CPU
        {A510DB74-056B-4C85-BBE5-5A57F4AC4FF7}.Release|x64.Build.0 = Release|Any CPU
        {A510DB74-056B-4C85-BBE5-5A57F4AC4FF7}.Release|x86.ActiveCfg = Release|Any CPU
        {A510DB74-056B-4C85-BBE5-5A57F4AC4FF7}.Release|x86.Build.0 = Release|Any CPU
		{C73945CE-2DD7-4010-B96B-00CBC2C086D9}.Debug|Any CPU.ActiveCfg = Debug|Any CPU
		{C73945CE-2DD7-4010-B96B-00CBC2C086D9}.Debug|Any CPU.Build.0 = Debug|Any CPU
		{C73945CE-2DD7-4010-B96B-00CBC2C086D9}.Debug|x64.ActiveCfg = Debug|Any CPU
		{C73945CE-2DD7-4010-B96B-00CBC2C086D9}.Debug|x64.Build.0 = Debug|Any CPU
		{C73945CE-2DD7-4010-B96B-00CBC2C086D9}.Debug|x86.ActiveCfg = Debug|Any CPU
		{C73945CE-2DD7-4010-B96B-00CBC2C086D9}.Debug|x86.Build.0 = Debug|Any CPU
		{C73945CE-2DD7-4010-B96B-00CBC2C086D9}.Release|Any CPU.ActiveCfg = Release|Any CPU
		{C73945CE-2DD7-4010-B96B-00CBC2C086D9}.Release|Any CPU.Build.0 = Release|Any CPU
		{C73945CE-2DD7-4010-B96B-00CBC2C086D9}.Release|x64.ActiveCfg = Release|Any CPU
		{C73945CE-2DD7-4010-B96B-00CBC2C086D9}.Release|x64.Build.0 = Release|Any CPU
		{C73945CE-2DD7-4010-B96B-00CBC2C086D9}.Release|x86.ActiveCfg = Release|Any CPU
		{C73945CE-2DD7-4010-B96B-00CBC2C086D9}.Release|x86.Build.0 = Release|Any CPU
		{64845891-9A86-4C19-A8BA-947F007D7A0C}.Debug|Any CPU.ActiveCfg = Debug|Any CPU
		{64845891-9A86-4C19-A8BA-947F007D7A0C}.Debug|Any CPU.Build.0 = Debug|Any CPU
		{64845891-9A86-4C19-A8BA-947F007D7A0C}.Debug|x64.ActiveCfg = Debug|Any CPU
		{64845891-9A86-4C19-A8BA-947F007D7A0C}.Debug|x64.Build.0 = Debug|Any CPU
		{64845891-9A86-4C19-A8BA-947F007D7A0C}.Debug|x86.ActiveCfg = Debug|Any CPU
		{64845891-9A86-4C19-A8BA-947F007D7A0C}.Debug|x86.Build.0 = Debug|Any CPU
		{64845891-9A86-4C19-A8BA-947F007D7A0C}.Release|Any CPU.ActiveCfg = Release|Any CPU
		{64845891-9A86-4C19-A8BA-947F007D7A0C}.Release|Any CPU.Build.0 = Release|Any CPU
		{64845891-9A86-4C19-A8BA-947F007D7A0C}.Release|x64.ActiveCfg = Release|Any CPU
		{64845891-9A86-4C19-A8BA-947F007D7A0C}.Release|x64.Build.0 = Release|Any CPU
		{64845891-9A86-4C19-A8BA-947F007D7A0C}.Release|x86.ActiveCfg = Release|Any CPU
		{64845891-9A86-4C19-A8BA-947F007D7A0C}.Release|x86.Build.0 = Release|Any CPU
		{2A724936-C2F0-4E63-A34B-7615E72CC5D8}.Debug|Any CPU.ActiveCfg = Debug|Any CPU
		{2A724936-C2F0-4E63-A34B-7615E72CC5D8}.Debug|Any CPU.Build.0 = Debug|Any CPU
		{2A724936-C2F0-4E63-A34B-7615E72CC5D8}.Debug|x64.ActiveCfg = Debug|Any CPU
		{2A724936-C2F0-4E63-A34B-7615E72CC5D8}.Debug|x64.Build.0 = Debug|Any CPU
		{2A724936-C2F0-4E63-A34B-7615E72CC5D8}.Debug|x86.ActiveCfg = Debug|Any CPU
		{2A724936-C2F0-4E63-A34B-7615E72CC5D8}.Debug|x86.Build.0 = Debug|Any CPU
		{2A724936-C2F0-4E63-A34B-7615E72CC5D8}.Release|Any CPU.ActiveCfg = Release|Any CPU
		{2A724936-C2F0-4E63-A34B-7615E72CC5D8}.Release|Any CPU.Build.0 = Release|Any CPU
		{2A724936-C2F0-4E63-A34B-7615E72CC5D8}.Release|x64.ActiveCfg = Release|Any CPU
		{2A724936-C2F0-4E63-A34B-7615E72CC5D8}.Release|x64.Build.0 = Release|Any CPU
		{2A724936-C2F0-4E63-A34B-7615E72CC5D8}.Release|x86.ActiveCfg = Release|Any CPU
		{2A724936-C2F0-4E63-A34B-7615E72CC5D8}.Release|x86.Build.0 = Release|Any CPU
		{59A837A0-34E4-446F-9C7E-592A77091D82}.Debug|Any CPU.ActiveCfg = Debug|Any CPU
		{59A837A0-34E4-446F-9C7E-592A77091D82}.Debug|Any CPU.Build.0 = Debug|Any CPU
		{59A837A0-34E4-446F-9C7E-592A77091D82}.Debug|x64.ActiveCfg = Debug|Any CPU
		{59A837A0-34E4-446F-9C7E-592A77091D82}.Debug|x64.Build.0 = Debug|Any CPU
		{59A837A0-34E4-446F-9C7E-592A77091D82}.Debug|x86.ActiveCfg = Debug|Any CPU
		{59A837A0-34E4-446F-9C7E-592A77091D82}.Debug|x86.Build.0 = Debug|Any CPU
		{59A837A0-34E4-446F-9C7E-592A77091D82}.Release|Any CPU.ActiveCfg = Release|Any CPU
		{59A837A0-34E4-446F-9C7E-592A77091D82}.Release|Any CPU.Build.0 = Release|Any CPU
		{59A837A0-34E4-446F-9C7E-592A77091D82}.Release|x64.ActiveCfg = Release|Any CPU
		{59A837A0-34E4-446F-9C7E-592A77091D82}.Release|x64.Build.0 = Release|Any CPU
		{59A837A0-34E4-446F-9C7E-592A77091D82}.Release|x86.ActiveCfg = Release|Any CPU
		{59A837A0-34E4-446F-9C7E-592A77091D82}.Release|x86.Build.0 = Release|Any CPU
		{82613E91-323D-4C2C-81C3-A7961BCD1D2E}.Debug|Any CPU.ActiveCfg = Debug|Any CPU
		{82613E91-323D-4C2C-81C3-A7961BCD1D2E}.Debug|Any CPU.Build.0 = Debug|Any CPU
		{82613E91-323D-4C2C-81C3-A7961BCD1D2E}.Debug|x64.ActiveCfg = Debug|Any CPU
		{82613E91-323D-4C2C-81C3-A7961BCD1D2E}.Debug|x64.Build.0 = Debug|Any CPU
		{82613E91-323D-4C2C-81C3-A7961BCD1D2E}.Debug|x86.ActiveCfg = Debug|Any CPU
		{82613E91-323D-4C2C-81C3-A7961BCD1D2E}.Debug|x86.Build.0 = Debug|Any CPU
		{82613E91-323D-4C2C-81C3-A7961BCD1D2E}.Release|Any CPU.ActiveCfg = Release|Any CPU
		{82613E91-323D-4C2C-81C3-A7961BCD1D2E}.Release|Any CPU.Build.0 = Release|Any CPU
		{82613E91-323D-4C2C-81C3-A7961BCD1D2E}.Release|x64.ActiveCfg = Release|Any CPU
		{82613E91-323D-4C2C-81C3-A7961BCD1D2E}.Release|x64.Build.0 = Release|Any CPU
		{82613E91-323D-4C2C-81C3-A7961BCD1D2E}.Release|x86.ActiveCfg = Release|Any CPU
		{82613E91-323D-4C2C-81C3-A7961BCD1D2E}.Release|x86.Build.0 = Release|Any CPU
		{676A887D-C93F-4D66-BCB0-78C7A0BD789A}.Debug|Any CPU.ActiveCfg = Debug|Any CPU
		{676A887D-C93F-4D66-BCB0-78C7A0BD789A}.Debug|Any CPU.Build.0 = Debug|Any CPU
		{676A887D-C93F-4D66-BCB0-78C7A0BD789A}.Debug|x64.ActiveCfg = Debug|Any CPU
		{676A887D-C93F-4D66-BCB0-78C7A0BD789A}.Debug|x64.Build.0 = Debug|Any CPU
		{676A887D-C93F-4D66-BCB0-78C7A0BD789A}.Debug|x86.ActiveCfg = Debug|Any CPU
		{676A887D-C93F-4D66-BCB0-78C7A0BD789A}.Debug|x86.Build.0 = Debug|Any CPU
		{676A887D-C93F-4D66-BCB0-78C7A0BD789A}.Release|Any CPU.ActiveCfg = Release|Any CPU
		{676A887D-C93F-4D66-BCB0-78C7A0BD789A}.Release|Any CPU.Build.0 = Release|Any CPU
		{676A887D-C93F-4D66-BCB0-78C7A0BD789A}.Release|x64.ActiveCfg = Release|Any CPU
		{676A887D-C93F-4D66-BCB0-78C7A0BD789A}.Release|x64.Build.0 = Release|Any CPU
		{676A887D-C93F-4D66-BCB0-78C7A0BD789A}.Release|x86.ActiveCfg = Release|Any CPU
		{676A887D-C93F-4D66-BCB0-78C7A0BD789A}.Release|x86.Build.0 = Release|Any CPU
	EndGlobalSection
EndGlobal
